
Microsoft Visual Studio Solution File, Format Version 12.00
# Visual Studio Version 16
VisualStudioVersion = 16.0.29306.81
MinimumVisualStudioVersion = 10.0.40219.1
Project("{FAE04EC0-301F-11D3-BF4B-00C04F79EFBC}") = "DeratMain", "DeratMain\DeratMain.csproj", "{B3DEA7B7-683B-42EB-BBD7-A964393F4DC9}"
EndProject
Global
	GlobalSection(SolutionConfigurationPlatforms) = preSolution
		Debug|Any CPU = Debug|Any CPU
		Release|Any CPU = Release|Any CPU
	EndGlobalSection
	GlobalSection(ProjectConfigurationPlatforms) = postSolution
		{B3DEA7B7-683B-42EB-BBD7-A964393F4DC9}.Debug|Any CPU.ActiveCfg = Debug|Any CPU
		{B3DEA7B7-683B-42EB-BBD7-A964393F4DC9}.Debug|Any CPU.Build.0 = Debug|Any CPU
		{B3DEA7B7-683B-42EB-BBD7-A964393F4DC9}.Release|Any CPU.ActiveCfg = Release|Any CPU
		{B3DEA7B7-683B-42EB-BBD7-A964393F4DC9}.Release|Any CPU.Build.0 = Release|Any CPU
	EndGlobalSection
	GlobalSection(SolutionProperties) = preSolution
		HideSolutionNode = FALSE
	EndGlobalSection
	GlobalSection(ExtensibilityGlobals) = postSolution
		SolutionGuid = {43E7486F-59A3-4207-BFE2-174338575E0B}
	EndGlobalSection
EndGlobal
